
Microsoft Visual Studio Solution File, Format Version 12.00
# Visual Studio Version 17
VisualStudioVersion = 17.11.35312.102
MinimumVisualStudioVersion = 10.0.40219.1
Project("{FAE04EC0-301F-11D3-BF4B-00C04F79EFBC}") = "Zadatak1", "Zadatak1\Zadatak1.csproj", "{6BC6D3A0-2F87-4578-9139-83FB6DD4EEDB}"
EndProject
Global
	GlobalSection(SolutionConfigurationPlatforms) = preSolution
		Debug|Any CPU = Debug|Any CPU
		Release|Any CPU = Release|Any CPU
	EndGlobalSection
	GlobalSection(ProjectConfigurationPlatforms) = postSolution
		{6BC6D3A0-2F87-4578-9139-83FB6DD4EEDB}.Debug|Any CPU.ActiveCfg = Debug|Any CPU
		{6BC6D3A0-2F87-4578-9139-83FB6DD4EEDB}.Debug|Any CPU.Build.0 = Debug|Any CPU
		{6BC6D3A0-2F87-4578-9139-83FB6DD4EEDB}.Release|Any CPU.ActiveCfg = Release|Any CPU
		{6BC6D3A0-2F87-4578-9139-83FB6DD4EEDB}.Release|Any CPU.Build.0 = Release|Any CPU
	EndGlobalSection
	GlobalSection(SolutionProperties) = preSolution
		HideSolutionNode = FALSE
	EndGlobalSection
	GlobalSection(ExtensibilityGlobals) = postSolution
		SolutionGuid = {A36BE6D6-2E43-4C0A-8E4F-8A60793DEAF9}
	EndGlobalSection
EndGlobal
