
Microsoft Visual Studio Solution File, Format Version 12.00
Project("{FAE04EC0-301F-11D3-BF4B-00C04F79EFBC}") = "RepoFactory", "RepoFactory\RepoFactory.csproj", "{8F4193FD-A217-416D-AC89-2D4CC75BCF51}"
EndProject
Project("{FAE04EC0-301F-11D3-BF4B-00C04F79EFBC}") = "Delegates", "Delegates\Delegates.csproj", "{48B69B8F-D41E-4A18-97E5-7956AE673E55}"
EndProject
Project("{FAE04EC0-301F-11D3-BF4B-00C04F79EFBC}") = "Exceptions", "Exceptions\Exceptions.csproj", "{4F2567E8-7FAF-47A7-9DA1-A934494A2047}"
EndProject
Global
	GlobalSection(SolutionConfigurationPlatforms) = preSolution
		Debug|Any CPU = Debug|Any CPU
		Release|Any CPU = Release|Any CPU
	EndGlobalSection
	GlobalSection(ProjectConfigurationPlatforms) = postSolution
		{8F4193FD-A217-416D-AC89-2D4CC75BCF51}.Debug|Any CPU.ActiveCfg = Debug|Any CPU
		{8F4193FD-A217-416D-AC89-2D4CC75BCF51}.Debug|Any CPU.Build.0 = Debug|Any CPU
		{8F4193FD-A217-416D-AC89-2D4CC75BCF51}.Release|Any CPU.ActiveCfg = Release|Any CPU
		{8F4193FD-A217-416D-AC89-2D4CC75BCF51}.Release|Any CPU.Build.0 = Release|Any CPU
		{48B69B8F-D41E-4A18-97E5-7956AE673E55}.Debug|Any CPU.ActiveCfg = Debug|Any CPU
		{48B69B8F-D41E-4A18-97E5-7956AE673E55}.Debug|Any CPU.Build.0 = Debug|Any CPU
		{48B69B8F-D41E-4A18-97E5-7956AE673E55}.Release|Any CPU.ActiveCfg = Release|Any CPU
		{48B69B8F-D41E-4A18-97E5-7956AE673E55}.Release|Any CPU.Build.0 = Release|Any CPU
		{4F2567E8-7FAF-47A7-9DA1-A934494A2047}.Debug|Any CPU.ActiveCfg = Debug|Any CPU
		{4F2567E8-7FAF-47A7-9DA1-A934494A2047}.Debug|Any CPU.Build.0 = Debug|Any CPU
		{4F2567E8-7FAF-47A7-9DA1-A934494A2047}.Release|Any CPU.ActiveCfg = Release|Any CPU
		{4F2567E8-7FAF-47A7-9DA1-A934494A2047}.Release|Any CPU.Build.0 = Release|Any CPU
	EndGlobalSection
EndGlobal
