
Microsoft Visual Studio Solution File, Format Version 12.00
# Visual Studio Version 17
VisualStudioVersion = 17.11.35312.102
MinimumVisualStudioVersion = 10.0.40219.1
Project("{FAE04EC0-301F-11D3-BF4B-00C04F79EFBC}") = "zadatak01", "zadatak01\zadatak01.csproj", "{5151F007-A542-48AB-A62E-B28BB2F836C0}"
EndProject
Project("{FAE04EC0-301F-11D3-BF4B-00C04F79EFBC}") = "zadatak02", "zadatak02\zadatak02.csproj", "{E7F1DB49-299E-4491-BB7C-758161D61B20}"
EndProject
Project("{FAE04EC0-301F-11D3-BF4B-00C04F79EFBC}") = "zadatak03", "zadatak03\zadatak03.csproj", "{C1B6B12E-0030-4A5B-B294-A7F14D9B9ABB}"
EndProject
Project("{FAE04EC0-301F-11D3-BF4B-00C04F79EFBC}") = "zadatak04", "zadatak04\zadatak04.csproj", "{E6B6240C-BC8B-44C2-BB83-9BDBBCFF718E}"
EndProject
Project("{FAE04EC0-301F-11D3-BF4B-00C04F79EFBC}") = "zadatak05", "zadatak05\zadatak05.csproj", "{8ABE42A7-67D7-4DB6-A442-F7CD17750CC7}"
EndProject
Project("{FAE04EC0-301F-11D3-BF4B-00C04F79EFBC}") = "zadatak6", "zadatak6\zadatak6.csproj", "{86433815-04B8-4CDD-BC1B-CAC4399918F3}"
EndProject
Project("{FAE04EC0-301F-11D3-BF4B-00C04F79EFBC}") = "zadatak07", "zadatak07\zadatak07.csproj", "{A0450A92-8E05-4F89-90CE-8037F527EF9C}"
EndProject
Project("{FAE04EC0-301F-11D3-BF4B-00C04F79EFBC}") = "zadatak08", "zadatak08\zadatak08.csproj", "{A34D62F7-F359-4F03-BF45-1AA9134FF0FE}"
EndProject
Project("{FAE04EC0-301F-11D3-BF4B-00C04F79EFBC}") = "zadatak09", "zadatak09\zadatak09.csproj", "{00E236F8-F494-422F-BD4F-C9B9A7810AFA}"
EndProject
Project("{FAE04EC0-301F-11D3-BF4B-00C04F79EFBC}") = "zadatak10", "zadatak10\zadatak10.csproj", "{84B2AFC8-BFD5-46D0-AFDF-0E2D16953CB2}"
EndProject
Global
	GlobalSection(SolutionConfigurationPlatforms) = preSolution
		Debug|Any CPU = Debug|Any CPU
		Release|Any CPU = Release|Any CPU
	EndGlobalSection
	GlobalSection(ProjectConfigurationPlatforms) = postSolution
		{5151F007-A542-48AB-A62E-B28BB2F836C0}.Debug|Any CPU.ActiveCfg = Debug|Any CPU
		{5151F007-A542-48AB-A62E-B28BB2F836C0}.Debug|Any CPU.Build.0 = Debug|Any CPU
		{5151F007-A542-48AB-A62E-B28BB2F836C0}.Release|Any CPU.ActiveCfg = Release|Any CPU
		{5151F007-A542-48AB-A62E-B28BB2F836C0}.Release|Any CPU.Build.0 = Release|Any CPU
		{E7F1DB49-299E-4491-BB7C-758161D61B20}.Debug|Any CPU.ActiveCfg = Debug|Any CPU
		{E7F1DB49-299E-4491-BB7C-758161D61B20}.Debug|Any CPU.Build.0 = Debug|Any CPU
		{E7F1DB49-299E-4491-BB7C-758161D61B20}.Release|Any CPU.ActiveCfg = Release|Any CPU
		{E7F1DB49-299E-4491-BB7C-758161D61B20}.Release|Any CPU.Build.0 = Release|Any CPU
		{C1B6B12E-0030-4A5B-B294-A7F14D9B9ABB}.Debug|Any CPU.ActiveCfg = Debug|Any CPU
		{C1B6B12E-0030-4A5B-B294-A7F14D9B9ABB}.Debug|Any CPU.Build.0 = Debug|Any CPU
		{C1B6B12E-0030-4A5B-B294-A7F14D9B9ABB}.Release|Any CPU.ActiveCfg = Release|Any CPU
		{C1B6B12E-0030-4A5B-B294-A7F14D9B9ABB}.Release|Any CPU.Build.0 = Release|Any CPU
		{E6B6240C-BC8B-44C2-BB83-9BDBBCFF718E}.Debug|Any CPU.ActiveCfg = Debug|Any CPU
		{E6B6240C-BC8B-44C2-BB83-9BDBBCFF718E}.Debug|Any CPU.Build.0 = Debug|Any CPU
		{E6B6240C-BC8B-44C2-BB83-9BDBBCFF718E}.Release|Any CPU.ActiveCfg = Release|Any CPU
		{E6B6240C-BC8B-44C2-BB83-9BDBBCFF718E}.Release|Any CPU.Build.0 = Release|Any CPU
		{8ABE42A7-67D7-4DB6-A442-F7CD17750CC7}.Debug|Any CPU.ActiveCfg = Debug|Any CPU
		{8ABE42A7-67D7-4DB6-A442-F7CD17750CC7}.Debug|Any CPU.Build.0 = Debug|Any CPU
		{8ABE42A7-67D7-4DB6-A442-F7CD17750CC7}.Release|Any CPU.ActiveCfg = Release|Any CPU
		{8ABE42A7-67D7-4DB6-A442-F7CD17750CC7}.Release|Any CPU.Build.0 = Release|Any CPU
		{86433815-04B8-4CDD-BC1B-CAC4399918F3}.Debug|Any CPU.ActiveCfg = Debug|Any CPU
		{86433815-04B8-4CDD-BC1B-CAC4399918F3}.Debug|Any CPU.Build.0 = Debug|Any CPU
		{86433815-04B8-4CDD-BC1B-CAC4399918F3}.Release|Any CPU.ActiveCfg = Release|Any CPU
		{86433815-04B8-4CDD-BC1B-CAC4399918F3}.Release|Any CPU.Build.0 = Release|Any CPU
		{A0450A92-8E05-4F89-90CE-8037F527EF9C}.Debug|Any CPU.ActiveCfg = Debug|Any CPU
		{A0450A92-8E05-4F89-90CE-8037F527EF9C}.Debug|Any CPU.Build.0 = Debug|Any CPU
		{A0450A92-8E05-4F89-90CE-8037F527EF9C}.Release|Any CPU.ActiveCfg = Release|Any CPU
		{A0450A92-8E05-4F89-90CE-8037F527EF9C}.Release|Any CPU.Build.0 = Release|Any CPU
		{A34D62F7-F359-4F03-BF45-1AA9134FF0FE}.Debug|Any CPU.ActiveCfg = Debug|Any CPU
		{A34D62F7-F359-4F03-BF45-1AA9134FF0FE}.Debug|Any CPU.Build.0 = Debug|Any CPU
		{A34D62F7-F359-4F03-BF45-1AA9134FF0FE}.Release|Any CPU.ActiveCfg = Release|Any CPU
		{A34D62F7-F359-4F03-BF45-1AA9134FF0FE}.Release|Any CPU.Build.0 = Release|Any CPU
		{00E236F8-F494-422F-BD4F-C9B9A7810AFA}.Debug|Any CPU.ActiveCfg = Debug|Any CPU
		{00E236F8-F494-422F-BD4F-C9B9A7810AFA}.Debug|Any CPU.Build.0 = Debug|Any CPU
		{00E236F8-F494-422F-BD4F-C9B9A7810AFA}.Release|Any CPU.ActiveCfg = Release|Any CPU
		{00E236F8-F494-422F-BD4F-C9B9A7810AFA}.Release|Any CPU.Build.0 = Release|Any CPU
		{84B2AFC8-BFD5-46D0-AFDF-0E2D16953CB2}.Debug|Any CPU.ActiveCfg = Debug|Any CPU
		{84B2AFC8-BFD5-46D0-AFDF-0E2D16953CB2}.Debug|Any CPU.Build.0 = Debug|Any CPU
		{84B2AFC8-BFD5-46D0-AFDF-0E2D16953CB2}.Release|Any CPU.ActiveCfg = Release|Any CPU
		{84B2AFC8-BFD5-46D0-AFDF-0E2D16953CB2}.Release|Any CPU.Build.0 = Release|Any CPU
	EndGlobalSection
	GlobalSection(SolutionProperties) = preSolution
		HideSolutionNode = FALSE
	EndGlobalSection
	GlobalSection(ExtensibilityGlobals) = postSolution
		SolutionGuid = {58644AC3-5E1D-4624-A4A9-02F027CBF7D5}
	EndGlobalSection
EndGlobal
