
Microsoft Visual Studio Solution File, Format Version 12.00
# Visual Studio Version 17
VisualStudioVersion = 17.11.35312.102
MinimumVisualStudioVersion = 10.0.40219.1
Project("{FAE04EC0-301F-11D3-BF4B-00C04F79EFBC}") = "Zadatak1", "Zadatak1\Zadatak1.csproj", "{D4F4D766-742B-4808-9BC8-18731067775F}"
EndProject
Project("{FAE04EC0-301F-11D3-BF4B-00C04F79EFBC}") = "Zadatak2", "Zadatak2\Zadatak2.csproj", "{D9C0CD10-0EAE-428E-A1FA-0D8BCAB6B456}"
EndProject
Global
	GlobalSection(SolutionConfigurationPlatforms) = preSolution
		Debug|Any CPU = Debug|Any CPU
		Release|Any CPU = Release|Any CPU
	EndGlobalSection
	GlobalSection(ProjectConfigurationPlatforms) = postSolution
		{D4F4D766-742B-4808-9BC8-18731067775F}.Debug|Any CPU.ActiveCfg = Debug|Any CPU
		{D4F4D766-742B-4808-9BC8-18731067775F}.Debug|Any CPU.Build.0 = Debug|Any CPU
		{D4F4D766-742B-4808-9BC8-18731067775F}.Release|Any CPU.ActiveCfg = Release|Any CPU
		{D4F4D766-742B-4808-9BC8-18731067775F}.Release|Any CPU.Build.0 = Release|Any CPU
		{D9C0CD10-0EAE-428E-A1FA-0D8BCAB6B456}.Debug|Any CPU.ActiveCfg = Debug|Any CPU
		{D9C0CD10-0EAE-428E-A1FA-0D8BCAB6B456}.Debug|Any CPU.Build.0 = Debug|Any CPU
		{D9C0CD10-0EAE-428E-A1FA-0D8BCAB6B456}.Release|Any CPU.ActiveCfg = Release|Any CPU
		{D9C0CD10-0EAE-428E-A1FA-0D8BCAB6B456}.Release|Any CPU.Build.0 = Release|Any CPU
	EndGlobalSection
	GlobalSection(SolutionProperties) = preSolution
		HideSolutionNode = FALSE
	EndGlobalSection
	GlobalSection(ExtensibilityGlobals) = postSolution
		SolutionGuid = {94258431-D6C0-4A68-8504-8C59006F4235}
	EndGlobalSection
EndGlobal
