
Microsoft Visual Studio Solution File, Format Version 12.00
# Visual Studio Version 17
VisualStudioVersion = 17.11.35312.102
MinimumVisualStudioVersion = 10.0.40219.1
Project("{FAE04EC0-301F-11D3-BF4B-00C04F79EFBC}") = "zadatak01", "zadatak01\zadatak01.csproj", "{7D20C172-630D-44D7-9083-3C88620BDBDF}"
EndProject
Project("{FAE04EC0-301F-11D3-BF4B-00C04F79EFBC}") = "zadatak02", "zadatak02\zadatak02.csproj", "{06D24A52-4D10-4C2A-AB9D-444A3BB5F56C}"
EndProject
Global
	GlobalSection(SolutionConfigurationPlatforms) = preSolution
		Debug|Any CPU = Debug|Any CPU
		Release|Any CPU = Release|Any CPU
	EndGlobalSection
	GlobalSection(ProjectConfigurationPlatforms) = postSolution
		{7D20C172-630D-44D7-9083-3C88620BDBDF}.Debug|Any CPU.ActiveCfg = Debug|Any CPU
		{7D20C172-630D-44D7-9083-3C88620BDBDF}.Debug|Any CPU.Build.0 = Debug|Any CPU
		{7D20C172-630D-44D7-9083-3C88620BDBDF}.Release|Any CPU.ActiveCfg = Release|Any CPU
		{7D20C172-630D-44D7-9083-3C88620BDBDF}.Release|Any CPU.Build.0 = Release|Any CPU
		{06D24A52-4D10-4C2A-AB9D-444A3BB5F56C}.Debug|Any CPU.ActiveCfg = Debug|Any CPU
		{06D24A52-4D10-4C2A-AB9D-444A3BB5F56C}.Debug|Any CPU.Build.0 = Debug|Any CPU
		{06D24A52-4D10-4C2A-AB9D-444A3BB5F56C}.Release|Any CPU.ActiveCfg = Release|Any CPU
		{06D24A52-4D10-4C2A-AB9D-444A3BB5F56C}.Release|Any CPU.Build.0 = Release|Any CPU
	EndGlobalSection
	GlobalSection(SolutionProperties) = preSolution
		HideSolutionNode = FALSE
	EndGlobalSection
	GlobalSection(ExtensibilityGlobals) = postSolution
		SolutionGuid = {025F6499-FC78-46AE-838C-9EA3D8D7BAF7}
	EndGlobalSection
EndGlobal
