
Microsoft Visual Studio Solution File, Format Version 12.00
Project("{FAE04EC0-301F-11D3-BF4B-00C04F79EFBC}") = "zadatak01", "zadatak01\zadatak01.csproj", "{671AB6C3-326F-4DD6-AF44-125AD8FD990F}"
EndProject
Global
	GlobalSection(SolutionConfigurationPlatforms) = preSolution
		Debug|Any CPU = Debug|Any CPU
		Release|Any CPU = Release|Any CPU
	EndGlobalSection
	GlobalSection(ProjectConfigurationPlatforms) = postSolution
		{671AB6C3-326F-4DD6-AF44-125AD8FD990F}.Debug|Any CPU.ActiveCfg = Debug|Any CPU
		{671AB6C3-326F-4DD6-AF44-125AD8FD990F}.Debug|Any CPU.Build.0 = Debug|Any CPU
		{671AB6C3-326F-4DD6-AF44-125AD8FD990F}.Release|Any CPU.ActiveCfg = Release|Any CPU
		{671AB6C3-326F-4DD6-AF44-125AD8FD990F}.Release|Any CPU.Build.0 = Release|Any CPU
	EndGlobalSection
EndGlobal
