
Microsoft Visual Studio Solution File, Format Version 12.00
Project("{FAE04EC0-301F-11D3-BF4B-00C04F79EFBC}") = "zadatak01", "zadatak01\zadatak01.csproj", "{47464B66-A746-4631-AA08-79FECE204908}"
EndProject
Project("{FAE04EC0-301F-11D3-BF4B-00C04F79EFBC}") = "zadatak02", "zadatak02\zadatak02.csproj", "{C9F2AC38-EA6A-4000-A648-89577674A3BB}"
EndProject
Project("{FAE04EC0-301F-11D3-BF4B-00C04F79EFBC}") = "zadatak03", "zadatak03\zadatak03.csproj", "{247EBE08-FC71-4289-AECC-EEDC9ADA99DE}"
EndProject
Project("{FAE04EC0-301F-11D3-BF4B-00C04F79EFBC}") = "zadatak04", "zadatak04\zadatak04.csproj", "{06AB72AA-590B-4F61-886C-6197255E75E3}"
EndProject
Global
	GlobalSection(SolutionConfigurationPlatforms) = preSolution
		Debug|Any CPU = Debug|Any CPU
		Release|Any CPU = Release|Any CPU
	EndGlobalSection
	GlobalSection(ProjectConfigurationPlatforms) = postSolution
		{47464B66-A746-4631-AA08-79FECE204908}.Debug|Any CPU.ActiveCfg = Debug|Any CPU
		{47464B66-A746-4631-AA08-79FECE204908}.Debug|Any CPU.Build.0 = Debug|Any CPU
		{47464B66-A746-4631-AA08-79FECE204908}.Release|Any CPU.ActiveCfg = Release|Any CPU
		{47464B66-A746-4631-AA08-79FECE204908}.Release|Any CPU.Build.0 = Release|Any CPU
		{C9F2AC38-EA6A-4000-A648-89577674A3BB}.Debug|Any CPU.ActiveCfg = Debug|Any CPU
		{C9F2AC38-EA6A-4000-A648-89577674A3BB}.Debug|Any CPU.Build.0 = Debug|Any CPU
		{C9F2AC38-EA6A-4000-A648-89577674A3BB}.Release|Any CPU.ActiveCfg = Release|Any CPU
		{C9F2AC38-EA6A-4000-A648-89577674A3BB}.Release|Any CPU.Build.0 = Release|Any CPU
		{247EBE08-FC71-4289-AECC-EEDC9ADA99DE}.Debug|Any CPU.ActiveCfg = Debug|Any CPU
		{247EBE08-FC71-4289-AECC-EEDC9ADA99DE}.Debug|Any CPU.Build.0 = Debug|Any CPU
		{247EBE08-FC71-4289-AECC-EEDC9ADA99DE}.Release|Any CPU.ActiveCfg = Release|Any CPU
		{247EBE08-FC71-4289-AECC-EEDC9ADA99DE}.Release|Any CPU.Build.0 = Release|Any CPU
		{06AB72AA-590B-4F61-886C-6197255E75E3}.Debug|Any CPU.ActiveCfg = Debug|Any CPU
		{06AB72AA-590B-4F61-886C-6197255E75E3}.Debug|Any CPU.Build.0 = Debug|Any CPU
		{06AB72AA-590B-4F61-886C-6197255E75E3}.Release|Any CPU.ActiveCfg = Release|Any CPU
		{06AB72AA-590B-4F61-886C-6197255E75E3}.Release|Any CPU.Build.0 = Release|Any CPU
	EndGlobalSection
EndGlobal
